// !$*UTF8*$!
{
	archiveVersion = 1;
	classes = {
	};
	objectVersion = 50;
	objects = {

/* Begin PBXBuildFile section */
		F1AE01E624E3507F00AB695D /* Tests_iOS.swift in Sources */ = {isa = PBXBuildFile; fileRef = F1AE01E524E3507F00AB695D /* Tests_iOS.swift */; };
		F1AE01F124E3507F00AB695D /* Tests_macOS.swift in Sources */ = {isa = PBXBuildFile; fileRef = F1AE01F024E3507F00AB695D /* Tests_macOS.swift */; };
		F1AE01F324E3507F00AB695D /* teamManagementApp.swift in Sources */ = {isa = PBXBuildFile; fileRef = F1AE01CA24E3507D00AB695D /* teamManagementApp.swift */; };
		F1AE01F424E3507F00AB695D /* teamManagementApp.swift in Sources */ = {isa = PBXBuildFile; fileRef = F1AE01CA24E3507D00AB695D /* teamManagementApp.swift */; };
		F1AE01F524E3507F00AB695D /* ContentView.swift in Sources */ = {isa = PBXBuildFile; fileRef = F1AE01CB24E3507D00AB695D /* ContentView.swift */; };
		F1AE01F624E3507F00AB695D /* ContentView.swift in Sources */ = {isa = PBXBuildFile; fileRef = F1AE01CB24E3507D00AB695D /* ContentView.swift */; };
		F1AE01F724E3507F00AB695D /* Assets.xcassets in Resources */ = {isa = PBXBuildFile; fileRef = F1AE01CC24E3507F00AB695D /* Assets.xcassets */; };
		F1AE01F824E3507F00AB695D /* Assets.xcassets in Resources */ = {isa = PBXBuildFile; fileRef = F1AE01CC24E3507F00AB695D /* Assets.xcassets */; };
/* End PBXBuildFile section */

/* Begin PBXContainerItemProxy section */
		F1AE01E224E3507F00AB695D /* PBXContainerItemProxy */ = {
			isa = PBXContainerItemProxy;
			containerPortal = F1AE01C524E3507C00AB695D /* Project object */;
			proxyType = 1;
			remoteGlobalIDString = F1AE01D024E3507F00AB695D;
			remoteInfo = "teamManagement (iOS)";
		};
		F1AE01ED24E3507F00AB695D /* PBXContainerItemProxy */ = {
			isa = PBXContainerItemProxy;
			containerPortal = F1AE01C524E3507C00AB695D /* Project object */;
			proxyType = 1;
			remoteGlobalIDString = F1AE01D824E3507F00AB695D;
			remoteInfo = "teamManagement (macOS)";
		};
/* End PBXContainerItemProxy section */

/* Begin PBXFileReference section */
		F1AE01CA24E3507D00AB695D /* teamManagementApp.swift */ = {isa = PBXFileReference; lastKnownFileType = sourcecode.swift; path = teamManagementApp.swift; sourceTree = "<group>"; };
		F1AE01CB24E3507D00AB695D /* ContentView.swift */ = {isa = PBXFileReference; lastKnownFileType = sourcecode.swift; path = ContentView.swift; sourceTree = "<group>"; };
		F1AE01CC24E3507F00AB695D /* Assets.xcassets */ = {isa = PBXFileReference; lastKnownFileType = folder.assetcatalog; path = Assets.xcassets; sourceTree = "<group>"; };
		F1AE01D124E3507F00AB695D /* teamManagement.app */ = {isa = PBXFileReference; explicitFileType = wrapper.application; includeInIndex = 0; path = teamManagement.app; sourceTree = BUILT_PRODUCTS_DIR; };
		F1AE01D424E3507F00AB695D /* Info.plist */ = {isa = PBXFileReference; lastKnownFileType = text.plist.xml; path = Info.plist; sourceTree = "<group>"; };
		F1AE01D924E3507F00AB695D /* teamManagement.app */ = {isa = PBXFileReference; explicitFileType = wrapper.application; includeInIndex = 0; path = teamManagement.app; sourceTree = BUILT_PRODUCTS_DIR; };
		F1AE01DB24E3507F00AB695D /* Info.plist */ = {isa = PBXFileReference; lastKnownFileType = text.plist.xml; path = Info.plist; sourceTree = "<group>"; };
		F1AE01DC24E3507F00AB695D /* macOS.entitlements */ = {isa = PBXFileReference; lastKnownFileType = text.plist.entitlements; path = macOS.entitlements; sourceTree = "<group>"; };
		F1AE01E124E3507F00AB695D /* Tests iOS.xctest */ = {isa = PBXFileReference; explicitFileType = wrapper.cfbundle; includeInIndex = 0; path = "Tests iOS.xctest"; sourceTree = BUILT_PRODUCTS_DIR; };
		F1AE01E524E3507F00AB695D /* Tests_iOS.swift */ = {isa = PBXFileReference; lastKnownFileType = sourcecode.swift; path = Tests_iOS.swift; sourceTree = "<group>"; };
		F1AE01E724E3507F00AB695D /* Info.plist */ = {isa = PBXFileReference; lastKnownFileType = text.plist.xml; path = Info.plist; sourceTree = "<group>"; };
		F1AE01EC24E3507F00AB695D /* Tests macOS.xctest */ = {isa = PBXFileReference; explicitFileType = wrapper.cfbundle; includeInIndex = 0; path = "Tests macOS.xctest"; sourceTree = BUILT_PRODUCTS_DIR; };
		F1AE01F024E3507F00AB695D /* Tests_macOS.swift */ = {isa = PBXFileReference; lastKnownFileType = sourcecode.swift; path = Tests_macOS.swift; sourceTree = "<group>"; };
		F1AE01F224E3507F00AB695D /* Info.plist */ = {isa = PBXFileReference; lastKnownFileType = text.plist.xml; path = Info.plist; sourceTree = "<group>"; };
/* End PBXFileReference section */

/* Begin PBXFrameworksBuildPhase section */
		F1AE01CE24E3507F00AB695D /* Frameworks */ = {
			isa = PBXFrameworksBuildPhase;
			buildActionMask = 2147483647;
			files = (
			);
			runOnlyForDeploymentPostprocessing = 0;
		};
		F1AE01D624E3507F00AB695D /* Frameworks */ = {
			isa = PBXFrameworksBuildPhase;
			buildActionMask = 2147483647;
			files = (
			);
			runOnlyForDeploymentPostprocessing = 0;
		};
		F1AE01DE24E3507F00AB695D /* Frameworks */ = {
			isa = PBXFrameworksBuildPhase;
			buildActionMask = 2147483647;
			files = (
			);
			runOnlyForDeploymentPostprocessing = 0;
		};
		F1AE01E924E3507F00AB695D /* Frameworks */ = {
			isa = PBXFrameworksBuildPhase;
			buildActionMask = 2147483647;
			files = (
			);
			runOnlyForDeploymentPostprocessing = 0;
		};
/* End PBXFrameworksBuildPhase section */

/* Begin PBXGroup section */
		F1AE01C424E3507C00AB695D = {
			isa = PBXGroup;
			children = (
				F1AE01C924E3507D00AB695D /* Shared */,
				F1AE01D324E3507F00AB695D /* iOS */,
				F1AE01DA24E3507F00AB695D /* macOS */,
				F1AE01E424E3507F00AB695D /* Tests iOS */,
				F1AE01EF24E3507F00AB695D /* Tests macOS */,
				F1AE01D224E3507F00AB695D /* Products */,
			);
			sourceTree = "<group>";
		};
		F1AE01C924E3507D00AB695D /* Shared */ = {
			isa = PBXGroup;
			children = (
				F1AE01CA24E3507D00AB695D /* teamManagementApp.swift */,
				F1AE01CB24E3507D00AB695D /* ContentView.swift */,
				F1AE01CC24E3507F00AB695D /* Assets.xcassets */,
			);
			path = Shared;
			sourceTree = "<group>";
		};
		F1AE01D224E3507F00AB695D /* Products */ = {
			isa = PBXGroup;
			children = (
				F1AE01D124E3507F00AB695D /* teamManagement.app */,
				F1AE01D924E3507F00AB695D /* teamManagement.app */,
				F1AE01E124E3507F00AB695D /* Tests iOS.xctest */,
				F1AE01EC24E3507F00AB695D /* Tests macOS.xctest */,
			);
			name = Products;
			sourceTree = "<group>";
		};
		F1AE01D324E3507F00AB695D /* iOS */ = {
			isa = PBXGroup;
			children = (
				F1AE01D424E3507F00AB695D /* Info.plist */,
			);
			path = iOS;
			sourceTree = "<group>";
		};
		F1AE01DA24E3507F00AB695D /* macOS */ = {
			isa = PBXGroup;
			children = (
				F1AE01DB24E3507F00AB695D /* Info.plist */,
				F1AE01DC24E3507F00AB695D /* macOS.entitlements */,
			);
			path = macOS;
			sourceTree = "<group>";
		};
		F1AE01E424E3507F00AB695D /* Tests iOS */ = {
			isa = PBXGroup;
			children = (
				F1AE01E524E3507F00AB695D /* Tests_iOS.swift */,
				F1AE01E724E3507F00AB695D /* Info.plist */,
			);
			path = "Tests iOS";
			sourceTree = "<group>";
		};
		F1AE01EF24E3507F00AB695D /* Tests macOS */ = {
			isa = PBXGroup;
			children = (
				F1AE01F024E3507F00AB695D /* Tests_macOS.swift */,
				F1AE01F224E3507F00AB695D /* Info.plist */,
			);
			path = "Tests macOS";
			sourceTree = "<group>";
		};
/* End PBXGroup section */

/* Begin PBXNativeTarget section */
		F1AE01D024E3507F00AB695D /* teamManagement (iOS) */ = {
			isa = PBXNativeTarget;
			buildConfigurationList = F1AE01FB24E3507F00AB695D /* Build configuration list for PBXNativeTarget "teamManagement (iOS)" */;
			buildPhases = (
				F1AE01CD24E3507F00AB695D /* Sources */,
				F1AE01CE24E3507F00AB695D /* Frameworks */,
				F1AE01CF24E3507F00AB695D /* Resources */,
			);
			buildRules = (
			);
			dependencies = (
			);
			name = "teamManagement (iOS)";
			productName = "teamManagement (iOS)";
			productReference = F1AE01D124E3507F00AB695D /* teamManagement.app */;
			productType = "com.apple.product-type.application";
		};
		F1AE01D824E3507F00AB695D /* teamManagement (macOS) */ = {
			isa = PBXNativeTarget;
			buildConfigurationList = F1AE01FE24E3507F00AB695D /* Build configuration list for PBXNativeTarget "teamManagement (macOS)" */;
			buildPhases = (
				F1AE01D524E3507F00AB695D /* Sources */,
				F1AE01D624E3507F00AB695D /* Frameworks */,
				F1AE01D724E3507F00AB695D /* Resources */,
			);
			buildRules = (
			);
			dependencies = (
			);
			name = "teamManagement (macOS)";
			productName = "teamManagement (macOS)";
			productReference = F1AE01D924E3507F00AB695D /* teamManagement.app */;
			productType = "com.apple.product-type.application";
		};
		F1AE01E024E3507F00AB695D /* Tests iOS */ = {
			isa = PBXNativeTarget;
			buildConfigurationList = F1AE020124E3507F00AB695D /* Build configuration list for PBXNativeTarget "Tests iOS" */;
			buildPhases = (
				F1AE01DD24E3507F00AB695D /* Sources */,
				F1AE01DE24E3507F00AB695D /* Frameworks */,
				F1AE01DF24E3507F00AB695D /* Resources */,
			);
			buildRules = (
			);
			dependencies = (
				F1AE01E324E3507F00AB695D /* PBXTargetDependency */,
			);
			name = "Tests iOS";
			productName = "Tests iOS";
			productReference = F1AE01E124E3507F00AB695D /* Tests iOS.xctest */;
			productType = "com.apple.product-type.bundle.ui-testing";
		};
		F1AE01EB24E3507F00AB695D /* Tests macOS */ = {
			isa = PBXNativeTarget;
			buildConfigurationList = F1AE020424E3507F00AB695D /* Build configuration list for PBXNativeTarget "Tests macOS" */;
			buildPhases = (
				F1AE01E824E3507F00AB695D /* Sources */,
				F1AE01E924E3507F00AB695D /* Frameworks */,
				F1AE01EA24E3507F00AB695D /* Resources */,
			);
			buildRules = (
			);
			dependencies = (
				F1AE01EE24E3507F00AB695D /* PBXTargetDependency */,
			);
			name = "Tests macOS";
			productName = "Tests macOS";
			productReference = F1AE01EC24E3507F00AB695D /* Tests macOS.xctest */;
			productType = "com.apple.product-type.bundle.ui-testing";
		};
/* End PBXNativeTarget section */

/* Begin PBXProject section */
		F1AE01C524E3507C00AB695D /* Project object */ = {
			isa = PBXProject;
			attributes = {
				LastSwiftUpdateCheck = 1200;
				LastUpgradeCheck = 1250;
				TargetAttributes = {
					F1AE01D024E3507F00AB695D = {
						CreatedOnToolsVersion = 12.0;
					};
					F1AE01D824E3507F00AB695D = {
						CreatedOnToolsVersion = 12.0;
					};
					F1AE01E024E3507F00AB695D = {
						CreatedOnToolsVersion = 12.0;
						TestTargetID = F1AE01D024E3507F00AB695D;
					};
					F1AE01EB24E3507F00AB695D = {
						CreatedOnToolsVersion = 12.0;
						TestTargetID = F1AE01D824E3507F00AB695D;
					};
				};
			};
			buildConfigurationList = F1AE01C824E3507C00AB695D /* Build configuration list for PBXProject "teamManagement" */;
			compatibilityVersion = "Xcode 9.3";
			developmentRegion = en;
			hasScannedForEncodings = 0;
			knownRegions = (
				en,
				Base,
			);
			mainGroup = F1AE01C424E3507C00AB695D;
			productRefGroup = F1AE01D224E3507F00AB695D /* Products */;
			projectDirPath = "";
			projectRoot = "";
			targets = (
				F1AE01D024E3507F00AB695D /* teamManagement (iOS) */,
				F1AE01D824E3507F00AB695D /* teamManagement (macOS) */,
				F1AE01E024E3507F00AB695D /* Tests iOS */,
				F1AE01EB24E3507F00AB695D /* Tests macOS */,
			);
		};
/* End PBXProject section */

/* Begin PBXResourcesBuildPhase section */
		F1AE01CF24E3507F00AB695D /* Resources */ = {
			isa = PBXResourcesBuildPhase;
			buildActionMask = 2147483647;
			files = (
				F1AE01F724E3507F00AB695D /* Assets.xcassets in Resources */,
			);
			runOnlyForDeploymentPostprocessing = 0;
		};
		F1AE01D724E3507F00AB695D /* Resources */ = {
			isa = PBXResourcesBuildPhase;
			buildActionMask = 2147483647;
			files = (
				F1AE01F824E3507F00AB695D /* Assets.xcassets in Resources */,
			);
			runOnlyForDeploymentPostprocessing = 0;
		};
		F1AE01DF24E3507F00AB695D /* Resources */ = {
			isa = PBXResourcesBuildPhase;
			buildActionMask = 2147483647;
			files = (
			);
			runOnlyForDeploymentPostprocessing = 0;
		};
		F1AE01EA24E3507F00AB695D /* Resources */ = {
			isa = PBXResourcesBuildPhase;
			buildActionMask = 2147483647;
			files = (
			);
			runOnlyForDeploymentPostprocessing = 0;
		};
/* End PBXResourcesBuildPhase section */

/* Begin PBXSourcesBuildPhase section */
		F1AE01CD24E3507F00AB695D /* Sources */ = {
			isa = PBXSourcesBuildPhase;
			buildActionMask = 2147483647;
			files = (
				F1AE01F524E3507F00AB695D /* ContentView.swift in Sources */,
				F1AE01F324E3507F00AB695D /* teamManagementApp.swift in Sources */,
			);
			runOnlyForDeploymentPostprocessing = 0;
		};
		F1AE01D524E3507F00AB695D /* Sources */ = {
			isa = PBXSourcesBuildPhase;
			buildActionMask = 2147483647;
			files = (
				F1AE01F624E3507F00AB695D /* ContentView.swift in Sources */,
				F1AE01F424E3507F00AB695D /* teamManagementApp.swift in Sources */,
			);
			runOnlyForDeploymentPostprocessing = 0;
		};
		F1AE01DD24E3507F00AB695D /* Sources */ = {
			isa = PBXSourcesBuildPhase;
			buildActionMask = 2147483647;
			files = (
				F1AE01E624E3507F00AB695D /* Tests_iOS.swift in Sources */,
			);
			runOnlyForDeploymentPostprocessing = 0;
		};
		F1AE01E824E3507F00AB695D /* Sources */ = {
			isa = PBXSourcesBuildPhase;
			buildActionMask = 2147483647;
			files = (
				F1AE01F124E3507F00AB695D /* Tests_macOS.swift in Sources */,
			);
			runOnlyForDeploymentPostprocessing = 0;
		};
/* End PBXSourcesBuildPhase section */

/* Begin PBXTargetDependency section */
		F1AE01E324E3507F00AB695D /* PBXTargetDependency */ = {
			isa = PBXTargetDependency;
			target = F1AE01D024E3507F00AB695D /* teamManagement (iOS) */;
			targetProxy = F1AE01E224E3507F00AB695D /* PBXContainerItemProxy */;
		};
		F1AE01EE24E3507F00AB695D /* PBXTargetDependency */ = {
			isa = PBXTargetDependency;
			target = F1AE01D824E3507F00AB695D /* teamManagement (macOS) */;
			targetProxy = F1AE01ED24E3507F00AB695D /* PBXContainerItemProxy */;
		};
/* End PBXTargetDependency section */

/* Begin XCBuildConfiguration section */
		F1AE01F924E3507F00AB695D /* Debug */ = {
			isa = XCBuildConfiguration;
			buildSettings = {
				ALWAYS_SEARCH_USER_PATHS = NO;
				CLANG_ANALYZER_NONNULL = YES;
				CLANG_ANALYZER_NUMBER_OBJECT_CONVERSION = YES_AGGRESSIVE;
				CLANG_CXX_LANGUAGE_STANDARD = "gnu++14";
				CLANG_CXX_LIBRARY = "libc++";
				CLANG_ENABLE_MODULES = YES;
				CLANG_ENABLE_OBJC_ARC = YES;
				CLANG_ENABLE_OBJC_WEAK = YES;
				CLANG_WARN_BLOCK_CAPTURE_AUTORELEASING = YES;
				CLANG_WARN_BOOL_CONVERSION = YES;
				CLANG_WARN_COMMA = YES;
				CLANG_WARN_CONSTANT_CONVERSION = YES;
				CLANG_WARN_DEPRECATED_OBJC_IMPLEMENTATIONS = YES;
				CLANG_WARN_DIRECT_OBJC_ISA_USAGE = YES_ERROR;
				CLANG_WARN_DOCUMENTATION_COMMENTS = YES;
				CLANG_WARN_EMPTY_BODY = YES;
				CLANG_WARN_ENUM_CONVERSION = YES;
				CLANG_WARN_INFINITE_RECURSION = YES;
				CLANG_WARN_INT_CONVERSION = YES;
				CLANG_WARN_NON_LITERAL_NULL_CONVERSION = YES;
				CLANG_WARN_OBJC_IMPLICIT_RETAIN_SELF = YES;
				CLANG_WARN_OBJC_LITERAL_CONVERSION = YES;
				CLANG_WARN_OBJC_ROOT_CLASS = YES_ERROR;
				CLANG_WARN_QUOTED_INCLUDE_IN_FRAMEWORK_HEADER = YES;
				CLANG_WARN_RANGE_LOOP_ANALYSIS = YES;
				CLANG_WARN_STRICT_PROTOTYPES = YES;
				CLANG_WARN_SUSPICIOUS_MOVE = YES;
				CLANG_WARN_UNGUARDED_AVAILABILITY = YES_AGGRESSIVE;
				CLANG_WARN_UNREACHABLE_CODE = YES;
				CLANG_WARN__DUPLICATE_METHOD_MATCH = YES;
				COPY_PHASE_STRIP = NO;
				DEBUG_INFORMATION_FORMAT = dwarf;
				ENABLE_STRICT_OBJC_MSGSEND = YES;
				ENABLE_TESTABILITY = YES;
				GCC_C_LANGUAGE_STANDARD = gnu11;
				GCC_DYNAMIC_NO_PIC = NO;
				GCC_NO_COMMON_BLOCKS = YES;
				GCC_OPTIMIZATION_LEVEL = 0;
				GCC_PREPROCESSOR_DEFINITIONS = (
					"DEBUG=1",
					"$(inherited)",
				);
				GCC_WARN_64_TO_32_BIT_CONVERSION = YES;
				GCC_WARN_ABOUT_RETURN_TYPE = YES_ERROR;
				GCC_WARN_UNDECLARED_SELECTOR = YES;
				GCC_WARN_UNINITIALIZED_AUTOS = YES_AGGRESSIVE;
				GCC_WARN_UNUSED_FUNCTION = YES;
				GCC_WARN_UNUSED_VARIABLE = YES;
				MTL_ENABLE_DEBUG_INFO = INCLUDE_SOURCE;
				MTL_FAST_MATH = YES;
				ONLY_ACTIVE_ARCH = YES;
				SWIFT_ACTIVE_COMPILATION_CONDITIONS = DEBUG;
				SWIFT_OPTIMIZATION_LEVEL = "-Onone";
			};
			name = Debug;
		};
		F1AE01FA24E3507F00AB695D /* Release */ = {
			isa = XCBuildConfiguration;
			buildSettings = {
				ALWAYS_SEARCH_USER_PATHS = NO;
				CLANG_ANALYZER_NONNULL = YES;
				CLANG_ANALYZER_NUMBER_OBJECT_CONVERSION = YES_AGGRESSIVE;
				CLANG_CXX_LANGUAGE_STANDARD = "gnu++14";
				CLANG_CXX_LIBRARY = "libc++";
				CLANG_ENABLE_MODULES = YES;
				CLANG_ENABLE_OBJC_ARC = YES;
				CLANG_ENABLE_OBJC_WEAK = YES;
				CLANG_WARN_BLOCK_CAPTURE_AUTORELEASING = YES;
				CLANG_WARN_BOOL_CONVERSION = YES;
				CLANG_WARN_COMMA = YES;
				CLANG_WARN_CONSTANT_CONVERSION = YES;
				CLANG_WARN_DEPRECATED_OBJC_IMPLEMENTATIONS = YES;
				CLANG_WARN_DIRECT_OBJC_ISA_USAGE = YES_ERROR;
				CLANG_WARN_DOCUMENTATION_COMMENTS = YES;
				CLANG_WARN_EMPTY_BODY = YES;
				CLANG_WARN_ENUM_CONVERSION = YES;
				CLANG_WARN_INFINITE_RECURSION = YES;
				CLANG_WARN_INT_CONVERSION = YES;
				CLANG_WARN_NON_LITERAL_NULL_CONVERSION = YES;
				CLANG_WARN_OBJC_IMPLICIT_RETAIN_SELF = YES;
				CLANG_WARN_OBJC_LITERAL_CONVERSION = YES;
				CLANG_WARN_OBJC_ROOT_CLASS = YES_ERROR;
				CLANG_WARN_QUOTED_INCLUDE_IN_FRAMEWORK_HEADER = YES;
				CLANG_WARN_RANGE_LOOP_ANALYSIS = YES;
				CLANG_WARN_STRICT_PROTOTYPES = YES;
				CLANG_WARN_SUSPICIOUS_MOVE = YES;
				CLANG_WARN_UNGUARDED_AVAILABILITY = YES_AGGRESSIVE;
				CLANG_WARN_UNREACHABLE_CODE = YES;
				CLANG_WARN__DUPLICATE_METHOD_MATCH = YES;
				COPY_PHASE_STRIP = NO;
				DEBUG_INFORMATION_FORMAT = "dwarf-with-dsym";
				ENABLE_NS_ASSERTIONS = NO;
				ENABLE_STRICT_OBJC_MSGSEND = YES;
				GCC_C_LANGUAGE_STANDARD = gnu11;
				GCC_NO_COMMON_BLOCKS = YES;
				GCC_WARN_64_TO_32_BIT_CONVERSION = YES;
				GCC_WARN_ABOUT_RETURN_TYPE = YES_ERROR;
				GCC_WARN_UNDECLARED_SELECTOR = YES;
				GCC_WARN_UNINITIALIZED_AUTOS = YES_AGGRESSIVE;
				GCC_WARN_UNUSED_FUNCTION = YES;
				GCC_WARN_UNUSED_VARIABLE = YES;
				MTL_ENABLE_DEBUG_INFO = NO;
				MTL_FAST_MATH = YES;
				SWIFT_COMPILATION_MODE = wholemodule;
				SWIFT_OPTIMIZATION_LEVEL = "-O";
			};
			name = Release;
		};
		F1AE01FC24E3507F00AB695D /* Debug */ = {
			isa = XCBuildConfiguration;
			buildSettings = {
				ASSETCATALOG_COMPILER_APPICON_NAME = AppIcon;
				ASSETCATALOG_COMPILER_GLOBAL_ACCENT_COLOR_NAME = AccentColor;
				CODE_SIGN_STYLE = Automatic;
				DEVELOPMENT_TEAM = 3P6Q2V6N32;
				ENABLE_PREVIEWS = YES;
				INFOPLIST_FILE = iOS/Info.plist;
				IPHONEOS_DEPLOYMENT_TARGET = 14.0;
				LD_RUNPATH_SEARCH_PATHS = (
					"$(inherited)",
					"@executable_path/Frameworks",
				);
				PRODUCT_BUNDLE_IDENTIFIER = dactrtr.rocks.teamManagement;
				PRODUCT_NAME = teamManagement;
				SDKROOT = iphoneos;
				SWIFT_VERSION = 5.0;
				TARGETED_DEVICE_FAMILY = "1,2";
			};
			name = Debug;
		};
		F1AE01FD24E3507F00AB695D /* Release */ = {
			isa = XCBuildConfiguration;
			buildSettings = {
				ASSETCATALOG_COMPILER_APPICON_NAME = AppIcon;
				ASSETCATALOG_COMPILER_GLOBAL_ACCENT_COLOR_NAME = AccentColor;
				CODE_SIGN_STYLE = Automatic;
				DEVELOPMENT_TEAM = 3P6Q2V6N32;
				ENABLE_PREVIEWS = YES;
				INFOPLIST_FILE = iOS/Info.plist;
				IPHONEOS_DEPLOYMENT_TARGET = 14.0;
				LD_RUNPATH_SEARCH_PATHS = (
					"$(inherited)",
					"@executable_path/Frameworks",
				);
				PRODUCT_BUNDLE_IDENTIFIER = dactrtr.rocks.teamManagement;
				PRODUCT_NAME = teamManagement;
				SDKROOT = iphoneos;
				SWIFT_VERSION = 5.0;
				TARGETED_DEVICE_FAMILY = "1,2";
				VALIDATE_PRODUCT = YES;
			};
			name = Release;
		};
		F1AE01FF24E3507F00AB695D /* Debug */ = {
			isa = XCBuildConfiguration;
			buildSettings = {
				ASSETCATALOG_COMPILER_APPICON_NAME = AppIcon;
				ASSETCATALOG_COMPILER_GLOBAL_ACCENT_COLOR_NAME = AccentColor;
				CODE_SIGN_ENTITLEMENTS = macOS/macOS.entitlements;
				CODE_SIGN_IDENTITY = "-";
				CODE_SIGN_STYLE = Automatic;
				COMBINE_HIDPI_IMAGES = YES;
				DEVELOPMENT_TEAM = 3P6Q2V6N32;
				ENABLE_HARDENED_RUNTIME = YES;
				ENABLE_PREVIEWS = YES;
				INFOPLIST_FILE = macOS/Info.plist;
				LD_RUNPATH_SEARCH_PATHS = (
					"$(inherited)",
					"@executable_path/../Frameworks",
				);
				MACOSX_DEPLOYMENT_TARGET = 10.15;
				PRODUCT_BUNDLE_IDENTIFIER = dactrtr.rocks.teamManagement;
				PRODUCT_NAME = teamManagement;
				SDKROOT = macosx;
				SWIFT_VERSION = 5.0;
			};
			name = Debug;
		};
		F1AE020024E3507F00AB695D /* Release */ = {
			isa = XCBuildConfiguration;
			buildSettings = {
				ASSETCATALOG_COMPILER_APPICON_NAME = AppIcon;
				ASSETCATALOG_COMPILER_GLOBAL_ACCENT_COLOR_NAME = AccentColor;
				CODE_SIGN_ENTITLEMENTS = macOS/macOS.entitlements;
				CODE_SIGN_IDENTITY = "-";
				CODE_SIGN_STYLE = Automatic;
				COMBINE_HIDPI_IMAGES = YES;
				DEVELOPMENT_TEAM = 3P6Q2V6N32;
				ENABLE_HARDENED_RUNTIME = YES;
				ENABLE_PREVIEWS = YES;
				INFOPLIST_FILE = macOS/Info.plist;
				LD_RUNPATH_SEARCH_PATHS = (
					"$(inherited)",
					"@executable_path/../Frameworks",
				);
				MACOSX_DEPLOYMENT_TARGET = 10.15;
				PRODUCT_BUNDLE_IDENTIFIER = dactrtr.rocks.teamManagement;
				PRODUCT_NAME = teamManagement;
				SDKROOT = macosx;
				SWIFT_VERSION = 5.0;
			};
			name = Release;
		};
		F1AE020224E3507F00AB695D /* Debug */ = {
			isa = XCBuildConfiguration;
			buildSettings = {
				ALWAYS_EMBED_SWIFT_STANDARD_LIBRARIES = YES;
				CODE_SIGN_STYLE = Automatic;
				DEVELOPMENT_TEAM = 3P6Q2V6N32;
				INFOPLIST_FILE = "Tests iOS/Info.plist";
				IPHONEOS_DEPLOYMENT_TARGET = 14.0;
				LD_RUNPATH_SEARCH_PATHS = (
					"$(inherited)",
					"@executable_path/Frameworks",
					"@loader_path/Frameworks",
				);
				PRODUCT_BUNDLE_IDENTIFIER = "dactrtr.rocks.Tests-iOS";
				PRODUCT_NAME = "$(TARGET_NAME)";
				SDKROOT = iphoneos;
				SWIFT_VERSION = 5.0;
				TARGETED_DEVICE_FAMILY = "1,2";
				TEST_TARGET_NAME = "teamManagement (iOS)";
			};
			name = Debug;
		};
		F1AE020324E3507F00AB695D /* Release */ = {
			isa = XCBuildConfiguration;
			buildSettings = {
				ALWAYS_EMBED_SWIFT_STANDARD_LIBRARIES = YES;
				CODE_SIGN_STYLE = Automatic;
				DEVELOPMENT_TEAM = 3P6Q2V6N32;
				INFOPLIST_FILE = "Tests iOS/Info.plist";
				IPHONEOS_DEPLOYMENT_TARGET = 14.0;
				LD_RUNPATH_SEARCH_PATHS = (
					"$(inherited)",
					"@executable_path/Frameworks",
					"@loader_path/Frameworks",
				);
				PRODUCT_BUNDLE_IDENTIFIER = "dactrtr.rocks.Tests-iOS";
				PRODUCT_NAME = "$(TARGET_NAME)";
				SDKROOT = iphoneos;
				SWIFT_VERSION = 5.0;
				TARGETED_DEVICE_FAMILY = "1,2";
				TEST_TARGET_NAME = "teamManagement (iOS)";
				VALIDATE_PRODUCT = YES;
			};
			name = Release;
		};
		F1AE020524E3507F00AB695D /* Debug */ = {
			isa = XCBuildConfiguration;
			buildSettings = {
				ALWAYS_EMBED_SWIFT_STANDARD_LIBRARIES = YES;
				CODE_SIGN_STYLE = Automatic;
				COMBINE_HIDPI_IMAGES = YES;
				DEVELOPMENT_TEAM = 3P6Q2V6N32;
				INFOPLIST_FILE = "Tests macOS/Info.plist";
				LD_RUNPATH_SEARCH_PATHS = (
					"$(inherited)",
					"@executable_path/../Frameworks",
					"@loader_path/../Frameworks",
				);
				MACOSX_DEPLOYMENT_TARGET = 10.15;
				PRODUCT_BUNDLE_IDENTIFIER = "dactrtr.rocks.Tests-macOS";
				PRODUCT_NAME = "$(TARGET_NAME)";
				SDKROOT = macosx;
				SWIFT_VERSION = 5.0;
				TEST_TARGET_NAME = "teamManagement (macOS)";
			};
			name = Debug;
		};
		F1AE020624E3507F00AB695D /* Release */ = {
			isa = XCBuildConfiguration;
			buildSettings = {
				ALWAYS_EMBED_SWIFT_STANDARD_LIBRARIES = YES;
				CODE_SIGN_STYLE = Automatic;
				COMBINE_HIDPI_IMAGES = YES;
				DEVELOPMENT_TEAM = 3P6Q2V6N32;
				INFOPLIST_FILE = "Tests macOS/Info.plist";
				LD_RUNPATH_SEARCH_PATHS = (
					"$(inherited)",
					"@executable_path/../Frameworks",
					"@loader_path/../Frameworks",
				);
				MACOSX_DEPLOYMENT_TARGET = 10.15;
				PRODUCT_BUNDLE_IDENTIFIER = "dactrtr.rocks.Tests-macOS";
				PRODUCT_NAME = "$(TARGET_NAME)";
				SDKROOT = macosx;
				SWIFT_VERSION = 5.0;
				TEST_TARGET_NAME = "teamManagement (macOS)";
			};
			name = Release;
		};
/* End XCBuildConfiguration section */

/* Begin XCConfigurationList section */
		F1AE01C824E3507C00AB695D /* Build configuration list for PBXProject "teamManagement" */ = {
			isa = XCConfigurationList;
			buildConfigurations = (
				F1AE01F924E3507F00AB695D /* Debug */,
				F1AE01FA24E3507F00AB695D /* Release */,
			);
			defaultConfigurationIsVisible = 0;
			defaultConfigurationName = Release;
		};
		F1AE01FB24E3507F00AB695D /* Build configuration list for PBXNativeTarget "teamManagement (iOS)" */ = {
			isa = XCConfigurationList;
			buildConfigurations = (
				F1AE01FC24E3507F00AB695D /* Debug */,
				F1AE01FD24E3507F00AB695D /* Release */,
			);
			defaultConfigurationIsVisible = 0;
			defaultConfigurationName = Release;
		};
		F1AE01FE24E3507F00AB695D /* Build configuration list for PBXNativeTarget "teamManagement (macOS)" */ = {
			isa = XCConfigurationList;
			buildConfigurations = (
				F1AE01FF24E3507F00AB695D /* Debug */,
				F1AE020024E3507F00AB695D /* Release */,
			);
			defaultConfigurationIsVisible = 0;
			defaultConfigurationName = Release;
		};
		F1AE020124E3507F00AB695D /* Build configuration list for PBXNativeTarget "Tests iOS" */ = {
			isa = XCConfigurationList;
			buildConfigurations = (
				F1AE020224E3507F00AB695D /* Debug */,
				F1AE020324E3507F00AB695D /* Release */,
			);
			defaultConfigurationIsVisible = 0;
			defaultConfigurationName = Release;
		};
		F1AE020424E3507F00AB695D /* Build configuration list for PBXNativeTarget "Tests macOS" */ = {
			isa = XCConfigurationList;
			buildConfigurations = (
				F1AE020524E3507F00AB695D /* Debug */,
				F1AE020624E3507F00AB695D /* Release */,
			);
			defaultConfigurationIsVisible = 0;
			defaultConfigurationName = Release;
		};
/* End XCConfigurationList section */
	};
	rootObject = F1AE01C524E3507C00AB695D /* Project object */;
}
